
Microsoft Visual Studio Solution File, Format Version 12.00
# Visual Studio 14
VisualStudioVersion = 14.0.24720.0
MinimumVisualStudioVersion = 10.0.40219.1
Project("{FAE04EC0-301F-11D3-BF4B-00C04F79EFBC}") = "1. SumArrayElements", "1. SumArrayElements\1. SumArrayElements.csproj", "{55CAE2FD-F4C1-425F-8442-AA6C1803D5E0}"
EndProject
Project("{FAE04EC0-301F-11D3-BF4B-00C04F79EFBC}") = "2. Multiply an Array of Doubles", "2. Multiply an Array of Doubles\2. Multiply an Array of Doubles.csproj", "{49CB5AA6-9193-4FD1-9643-975B809F17F8}"
EndProject
Project("{FAE04EC0-301F-11D3-BF4B-00C04F79EFBC}") = "3. Smallest Element in Array", "3. Smallest Element in Array\3. Smallest Element in Array.csproj", "{2CBE12AB-FF80-46F2-B1AF-781F7BBDA787}"
EndProject
Project("{FAE04EC0-301F-11D3-BF4B-00C04F79EFBC}") = "4. Rotate Array of Strings", "4. Rotate Array of Strings\4. Rotate Array of Strings.csproj", "{8D2E795E-ABD5-46EE-A8A5-8CF5C94460A9}"
EndProject
Project("{FAE04EC0-301F-11D3-BF4B-00C04F79EFBC}") = "5. Count of Odd Numbers in Array", "5. Count of Odd Numbers in Array\5. Count of Odd Numbers in Array.csproj", "{E3330C9C-9378-4A6B-9F1A-E59B8EF5A1F7}"
EndProject
Project("{FAE04EC0-301F-11D3-BF4B-00C04F79EFBC}") = "6. Odd Numbers at Odd Positions", "6. Odd Numbers at Odd Positions\6. Odd Numbers at Odd Positions.csproj", "{D703EA7E-0505-491D-ABAA-68C2999A1BF0}"
EndProject
Global
	GlobalSection(SolutionConfigurationPlatforms) = preSolution
		Debug|Any CPU = Debug|Any CPU
		Release|Any CPU = Release|Any CPU
	EndGlobalSection
	GlobalSection(ProjectConfigurationPlatforms) = postSolution
		{55CAE2FD-F4C1-425F-8442-AA6C1803D5E0}.Debug|Any CPU.ActiveCfg = Debug|Any CPU
		{55CAE2FD-F4C1-425F-8442-AA6C1803D5E0}.Debug|Any CPU.Build.0 = Debug|Any CPU
		{55CAE2FD-F4C1-425F-8442-AA6C1803D5E0}.Release|Any CPU.ActiveCfg = Release|Any CPU
		{55CAE2FD-F4C1-425F-8442-AA6C1803D5E0}.Release|Any CPU.Build.0 = Release|Any CPU
		{49CB5AA6-9193-4FD1-9643-975B809F17F8}.Debug|Any CPU.ActiveCfg = Debug|Any CPU
		{49CB5AA6-9193-4FD1-9643-975B809F17F8}.Debug|Any CPU.Build.0 = Debug|Any CPU
		{49CB5AA6-9193-4FD1-9643-975B809F17F8}.Release|Any CPU.ActiveCfg = Release|Any CPU
		{49CB5AA6-9193-4FD1-9643-975B809F17F8}.Release|Any CPU.Build.0 = Release|Any CPU
		{2CBE12AB-FF80-46F2-B1AF-781F7BBDA787}.Debug|Any CPU.ActiveCfg = Debug|Any CPU
		{2CBE12AB-FF80-46F2-B1AF-781F7BBDA787}.Debug|Any CPU.Build.0 = Debug|Any CPU
		{2CBE12AB-FF80-46F2-B1AF-781F7BBDA787}.Release|Any CPU.ActiveCfg = Release|Any CPU
		{2CBE12AB-FF80-46F2-B1AF-781F7BBDA787}.Release|Any CPU.Build.0 = Release|Any CPU
		{8D2E795E-ABD5-46EE-A8A5-8CF5C94460A9}.Debug|Any CPU.ActiveCfg = Debug|Any CPU
		{8D2E795E-ABD5-46EE-A8A5-8CF5C94460A9}.Debug|Any CPU.Build.0 = Debug|Any CPU
		{8D2E795E-ABD5-46EE-A8A5-8CF5C94460A9}.Release|Any CPU.ActiveCfg = Release|Any CPU
		{8D2E795E-ABD5-46EE-A8A5-8CF5C94460A9}.Release|Any CPU.Build.0 = Release|Any CPU
		{E3330C9C-9378-4A6B-9F1A-E59B8EF5A1F7}.Debug|Any CPU.ActiveCfg = Debug|Any CPU
		{E3330C9C-9378-4A6B-9F1A-E59B8EF5A1F7}.Debug|Any CPU.Build.0 = Debug|Any CPU
		{E3330C9C-9378-4A6B-9F1A-E59B8EF5A1F7}.Release|Any CPU.ActiveCfg = Release|Any CPU
		{E3330C9C-9378-4A6B-9F1A-E59B8EF5A1F7}.Release|Any CPU.Build.0 = Release|Any CPU
		{D703EA7E-0505-491D-ABAA-68C2999A1BF0}.Debug|Any CPU.ActiveCfg = Debug|Any CPU
		{D703EA7E-0505-491D-ABAA-68C2999A1BF0}.Debug|Any CPU.Build.0 = Debug|Any CPU
		{D703EA7E-0505-491D-ABAA-68C2999A1BF0}.Release|Any CPU.ActiveCfg = Release|Any CPU
		{D703EA7E-0505-491D-ABAA-68C2999A1BF0}.Release|Any CPU.Build.0 = Release|Any CPU
	EndGlobalSection
	GlobalSection(SolutionProperties) = preSolution
		HideSolutionNode = FALSE
	EndGlobalSection
EndGlobal
